
Microsoft Visual Studio Solution File, Format Version 12.00
# Visual Studio Version 16
VisualStudioVersion = 16.0.29911.84
MinimumVisualStudioVersion = 10.0.40219.1
Project("{FAE04EC0-301F-11D3-BF4B-00C04F79EFBC}") = "HSP1", "HSP1\HSP1.csproj", "{7C23C871-3083-4D13-B4B5-F3445CC3F6F3}"
EndProject
Global
	GlobalSection(SolutionConfigurationPlatforms) = preSolution
		Debug|Any CPU = Debug|Any CPU
		Release|Any CPU = Release|Any CPU
	EndGlobalSection
	GlobalSection(ProjectConfigurationPlatforms) = postSolution
		{7C23C871-3083-4D13-B4B5-F3445CC3F6F3}.Debug|Any CPU.ActiveCfg = Debug|Any CPU
		{7C23C871-3083-4D13-B4B5-F3445CC3F6F3}.Debug|Any CPU.Build.0 = Debug|Any CPU
		{7C23C871-3083-4D13-B4B5-F3445CC3F6F3}.Release|Any CPU.ActiveCfg = Release|Any CPU
		{7C23C871-3083-4D13-B4B5-F3445CC3F6F3}.Release|Any CPU.Build.0 = Release|Any CPU
	EndGlobalSection
	GlobalSection(SolutionProperties) = preSolution
		HideSolutionNode = FALSE
	EndGlobalSection
	GlobalSection(ExtensibilityGlobals) = postSolution
		SolutionGuid = {558E79E7-7C36-4D84-8075-5280BA6FD231}
	EndGlobalSection
EndGlobal
